<Solution>
  <Folder Name="/src/" />
  <Folder Name="/src/orchestrator/" />
  <Folder Name="/src/orchestrator/cli/">
    <Project Path="src/orchestrator/cli/AiPromptContextBuilder.Cli.csproj" />
  </Folder>
  <Folder Name="/src/orchestrator/core/">
    <Project Path="src/orchestrator/core/AiPromptContextBuilder.Core.csproj" />
  </Folder>
  <Folder Name="/src/workers/" />
  <Folder Name="/src/workers/dotnet/">
    <Project Path="src/workers/dotnet/AiPromptContextBuilder.Workers.DotNet.csproj" />
  </Folder>
  <Folder Name="/tests/">
    <Project Path="tests/AiPromptContextBuilder.Tests.csproj" />
  </Folder>
</Solution>
